
Microsoft Visual Studio Solution File, Format Version 12.00
# Visual Studio Version 17
VisualStudioVersion = 17.0.31903.59
MinimumVisualStudioVersion = 10.0.40219.1
Project("{FAE04EC0-301F-11D3-BF4B-00C04F79EFBC}") = "HorsesForCourses.Core", "HorsesForCourses.Core\HorsesForCourses.Core.csproj", "{9B032412-C49A-4B4F-8720-286397141950}"
EndProject
Project("{FAE04EC0-301F-11D3-BF4B-00C04F79EFBC}") = "HorsesForCourses.Tests", "HorsesForCourses.Tests\HorsesForCourses.Tests.csproj", "{DF9245CF-DC0A-4A4E-A6DE-09D8BDCAC7B2}"
EndProject
Project("{FAE04EC0-301F-11D3-BF4B-00C04F79EFBC}") = "HorsesForCourses.WebApi", "HorsesForCourses.WebApi\HorsesForCourses.WebApi.csproj", "{A6B0028A-2DE3-40DD-A22E-3198CDA1A344}"
EndProject
Project("{FAE04EC0-301F-11D3-BF4B-00C04F79EFBC}") = "HorsesForCourses.Service", "HorsesForCourses.Service\HorsesForCourses.Service.csproj", "{137A97FC-A253-46DE-A215-04E19DED1FD0}"
EndProject
Project("{FAE04EC0-301F-11D3-BF4B-00C04F79EFBC}") = "HorsesForCourses.MVC", "HorsesForCourses.MVC\HorsesForCourses.MVC.csproj", "{99757539-C916-498C-A853-528A37B0EBB0}"
EndProject
Global
	GlobalSection(SolutionConfigurationPlatforms) = preSolution
		Debug|Any CPU = Debug|Any CPU
		Debug|x64 = Debug|x64
		Debug|x86 = Debug|x86
		Release|Any CPU = Release|Any CPU
		Release|x64 = Release|x64
		Release|x86 = Release|x86
	EndGlobalSection
	GlobalSection(ProjectConfigurationPlatforms) = postSolution
		{9B032412-C49A-4B4F-8720-286397141950}.Debug|Any CPU.ActiveCfg = Debug|Any CPU
		{9B032412-C49A-4B4F-8720-286397141950}.Debug|Any CPU.Build.0 = Debug|Any CPU
		{9B032412-C49A-4B4F-8720-286397141950}.Debug|x64.ActiveCfg = Debug|Any CPU
		{9B032412-C49A-4B4F-8720-286397141950}.Debug|x64.Build.0 = Debug|Any CPU
		{9B032412-C49A-4B4F-8720-286397141950}.Debug|x86.ActiveCfg = Debug|Any CPU
		{9B032412-C49A-4B4F-8720-286397141950}.Debug|x86.Build.0 = Debug|Any CPU
		{9B032412-C49A-4B4F-8720-286397141950}.Release|Any CPU.ActiveCfg = Release|Any CPU
		{9B032412-C49A-4B4F-8720-286397141950}.Release|Any CPU.Build.0 = Release|Any CPU
		{9B032412-C49A-4B4F-8720-286397141950}.Release|x64.ActiveCfg = Release|Any CPU
		{9B032412-C49A-4B4F-8720-286397141950}.Release|x64.Build.0 = Release|Any CPU
		{9B032412-C49A-4B4F-8720-286397141950}.Release|x86.ActiveCfg = Release|Any CPU
		{9B032412-C49A-4B4F-8720-286397141950}.Release|x86.Build.0 = Release|Any CPU
		{DF9245CF-DC0A-4A4E-A6DE-09D8BDCAC7B2}.Debug|Any CPU.ActiveCfg = Debug|Any CPU
		{DF9245CF-DC0A-4A4E-A6DE-09D8BDCAC7B2}.Debug|Any CPU.Build.0 = Debug|Any CPU
		{DF9245CF-DC0A-4A4E-A6DE-09D8BDCAC7B2}.Debug|x64.ActiveCfg = Debug|Any CPU
		{DF9245CF-DC0A-4A4E-A6DE-09D8BDCAC7B2}.Debug|x64.Build.0 = Debug|Any CPU
		{DF9245CF-DC0A-4A4E-A6DE-09D8BDCAC7B2}.Debug|x86.ActiveCfg = Debug|Any CPU
		{DF9245CF-DC0A-4A4E-A6DE-09D8BDCAC7B2}.Debug|x86.Build.0 = Debug|Any CPU
		{DF9245CF-DC0A-4A4E-A6DE-09D8BDCAC7B2}.Release|Any CPU.ActiveCfg = Release|Any CPU
		{DF9245CF-DC0A-4A4E-A6DE-09D8BDCAC7B2}.Release|Any CPU.Build.0 = Release|Any CPU
		{DF9245CF-DC0A-4A4E-A6DE-09D8BDCAC7B2}.Release|x64.ActiveCfg = Release|Any CPU
		{DF9245CF-DC0A-4A4E-A6DE-09D8BDCAC7B2}.Release|x64.Build.0 = Release|Any CPU
		{DF9245CF-DC0A-4A4E-A6DE-09D8BDCAC7B2}.Release|x86.ActiveCfg = Release|Any CPU
		{DF9245CF-DC0A-4A4E-A6DE-09D8BDCAC7B2}.Release|x86.Build.0 = Release|Any CPU
		{A6B0028A-2DE3-40DD-A22E-3198CDA1A344}.Debug|Any CPU.ActiveCfg = Debug|Any CPU
		{A6B0028A-2DE3-40DD-A22E-3198CDA1A344}.Debug|Any CPU.Build.0 = Debug|Any CPU
		{A6B0028A-2DE3-40DD-A22E-3198CDA1A344}.Debug|x64.ActiveCfg = Debug|Any CPU
		{A6B0028A-2DE3-40DD-A22E-3198CDA1A344}.Debug|x64.Build.0 = Debug|Any CPU
		{A6B0028A-2DE3-40DD-A22E-3198CDA1A344}.Debug|x86.ActiveCfg = Debug|Any CPU
		{A6B0028A-2DE3-40DD-A22E-3198CDA1A344}.Debug|x86.Build.0 = Debug|Any CPU
		{A6B0028A-2DE3-40DD-A22E-3198CDA1A344}.Release|Any CPU.ActiveCfg = Release|Any CPU
		{A6B0028A-2DE3-40DD-A22E-3198CDA1A344}.Release|Any CPU.Build.0 = Release|Any CPU
		{A6B0028A-2DE3-40DD-A22E-3198CDA1A344}.Release|x64.ActiveCfg = Release|Any CPU
		{A6B0028A-2DE3-40DD-A22E-3198CDA1A344}.Release|x64.Build.0 = Release|Any CPU
		{A6B0028A-2DE3-40DD-A22E-3198CDA1A344}.Release|x86.ActiveCfg = Release|Any CPU
		{A6B0028A-2DE3-40DD-A22E-3198CDA1A344}.Release|x86.Build.0 = Release|Any CPU
		{137A97FC-A253-46DE-A215-04E19DED1FD0}.Debug|Any CPU.ActiveCfg = Debug|Any CPU
		{137A97FC-A253-46DE-A215-04E19DED1FD0}.Debug|Any CPU.Build.0 = Debug|Any CPU
		{137A97FC-A253-46DE-A215-04E19DED1FD0}.Debug|x64.ActiveCfg = Debug|Any CPU
		{137A97FC-A253-46DE-A215-04E19DED1FD0}.Debug|x64.Build.0 = Debug|Any CPU
		{137A97FC-A253-46DE-A215-04E19DED1FD0}.Debug|x86.ActiveCfg = Debug|Any CPU
		{137A97FC-A253-46DE-A215-04E19DED1FD0}.Debug|x86.Build.0 = Debug|Any CPU
		{137A97FC-A253-46DE-A215-04E19DED1FD0}.Release|Any CPU.ActiveCfg = Release|Any CPU
		{137A97FC-A253-46DE-A215-04E19DED1FD0}.Release|Any CPU.Build.0 = Release|Any CPU
		{137A97FC-A253-46DE-A215-04E19DED1FD0}.Release|x64.ActiveCfg = Release|Any CPU
		{137A97FC-A253-46DE-A215-04E19DED1FD0}.Release|x64.Build.0 = Release|Any CPU
		{137A97FC-A253-46DE-A215-04E19DED1FD0}.Release|x86.ActiveCfg = Release|Any CPU
		{137A97FC-A253-46DE-A215-04E19DED1FD0}.Release|x86.Build.0 = Release|Any CPU
		{99757539-C916-498C-A853-528A37B0EBB0}.Debug|Any CPU.ActiveCfg = Debug|Any CPU
		{99757539-C916-498C-A853-528A37B0EBB0}.Debug|Any CPU.Build.0 = Debug|Any CPU
		{99757539-C916-498C-A853-528A37B0EBB0}.Debug|x64.ActiveCfg = Debug|Any CPU
		{99757539-C916-498C-A853-528A37B0EBB0}.Debug|x64.Build.0 = Debug|Any CPU
		{99757539-C916-498C-A853-528A37B0EBB0}.Debug|x86.ActiveCfg = Debug|Any CPU
		{99757539-C916-498C-A853-528A37B0EBB0}.Debug|x86.Build.0 = Debug|Any CPU
		{99757539-C916-498C-A853-528A37B0EBB0}.Release|Any CPU.ActiveCfg = Release|Any CPU
		{99757539-C916-498C-A853-528A37B0EBB0}.Release|Any CPU.Build.0 = Release|Any CPU
		{99757539-C916-498C-A853-528A37B0EBB0}.Release|x64.ActiveCfg = Release|Any CPU
		{99757539-C916-498C-A853-528A37B0EBB0}.Release|x64.Build.0 = Release|Any CPU
		{99757539-C916-498C-A853-528A37B0EBB0}.Release|x86.ActiveCfg = Release|Any CPU
		{99757539-C916-498C-A853-528A37B0EBB0}.Release|x86.Build.0 = Release|Any CPU
	EndGlobalSection
	GlobalSection(SolutionProperties) = preSolution
		HideSolutionNode = FALSE
	EndGlobalSection
EndGlobal
